
Microsoft Visual Studio Solution File, Format Version 12.00
# Visual Studio Version 17
VisualStudioVersion = 17.8.34309.116
MinimumVisualStudioVersion = 10.0.40219.1
Project("{FAE04EC0-301F-11D3-BF4B-00C04F79EFBC}") = "LINQTest_October", "LINQTest_October\LINQTest_October.csproj", "{041078CB-10C4-443F-9658-7850823502D6}"
EndProject
Project("{FAE04EC0-301F-11D3-BF4B-00C04F79EFBC}") = "LINQTests", "LINQTests\LINQTests.csproj", "{C9B72FB2-4A69-4761-92ED-97739B743C42}"
EndProject
Global
	GlobalSection(SolutionConfigurationPlatforms) = preSolution
		Debug|Any CPU = Debug|Any CPU
		Release|Any CPU = Release|Any CPU
	EndGlobalSection
	GlobalSection(ProjectConfigurationPlatforms) = postSolution
		{041078CB-10C4-443F-9658-7850823502D6}.Debug|Any CPU.ActiveCfg = Debug|Any CPU
		{041078CB-10C4-443F-9658-7850823502D6}.Debug|Any CPU.Build.0 = Debug|Any CPU
		{041078CB-10C4-443F-9658-7850823502D6}.Release|Any CPU.ActiveCfg = Release|Any CPU
		{041078CB-10C4-443F-9658-7850823502D6}.Release|Any CPU.Build.0 = Release|Any CPU
		{C9B72FB2-4A69-4761-92ED-97739B743C42}.Debug|Any CPU.ActiveCfg = Debug|Any CPU
		{C9B72FB2-4A69-4761-92ED-97739B743C42}.Debug|Any CPU.Build.0 = Debug|Any CPU
		{C9B72FB2-4A69-4761-92ED-97739B743C42}.Release|Any CPU.ActiveCfg = Release|Any CPU
		{C9B72FB2-4A69-4761-92ED-97739B743C42}.Release|Any CPU.Build.0 = Release|Any CPU
	EndGlobalSection
	GlobalSection(SolutionProperties) = preSolution
		HideSolutionNode = FALSE
	EndGlobalSection
	GlobalSection(ExtensibilityGlobals) = postSolution
		SolutionGuid = {814EFF04-E9CF-4E6C-807C-82A767F341D1}
	EndGlobalSection
EndGlobal
